
Microsoft Visual Studio Solution File, Format Version 12.00
# Visual Studio Version 17
VisualStudioVersion = 17.14.36603.0 d17.14
MinimumVisualStudioVersion = 10.0.40219.1
Project("{FAE04EC0-301F-11D3-BF4B-00C04F79EFBC}") = "Control Productos Supermercado", "Control Productos Supermercado\Control Productos Supermercado.csproj", "{42A9934D-45C4-4D02-81A7-4E3A3EAFB150}"
EndProject
Global
	GlobalSection(SolutionConfigurationPlatforms) = preSolution
		Debug|Any CPU = Debug|Any CPU
		Release|Any CPU = Release|Any CPU
	EndGlobalSection
	GlobalSection(ProjectConfigurationPlatforms) = postSolution
		{42A9934D-45C4-4D02-81A7-4E3A3EAFB150}.Debug|Any CPU.ActiveCfg = Debug|Any CPU
		{42A9934D-45C4-4D02-81A7-4E3A3EAFB150}.Debug|Any CPU.Build.0 = Debug|Any CPU
		{42A9934D-45C4-4D02-81A7-4E3A3EAFB150}.Release|Any CPU.ActiveCfg = Release|Any CPU
		{42A9934D-45C4-4D02-81A7-4E3A3EAFB150}.Release|Any CPU.Build.0 = Release|Any CPU
	EndGlobalSection
	GlobalSection(SolutionProperties) = preSolution
		HideSolutionNode = FALSE
	EndGlobalSection
	GlobalSection(ExtensibilityGlobals) = postSolution
		SolutionGuid = {90F7A375-62C7-4D79-BC4A-050AC82FC44B}
	EndGlobalSection
EndGlobal
